<?xml version="1.0" encoding="utf-8"?>
<Project ToolsVersion="4.0" xmlns="http://schemas.microsoft.com/developer/msbuild/2003">
  <ItemGroup>
    <Filter Include="源文件">
      <UniqueIdentifier>{4FC737F1-C7A5-4376-A066-2A32D752A2FF}</UniqueIdentifier>
      <Extensions>cpp;c;cc;cxx;def;odl;idl;hpj;bat;asm;asmx</Extensions>
    </Filter>
    <Filter Include="头文件">
      <UniqueIdentifier>{93995380-89BD-4b04-88EB-625FBE52EBFB}</UniqueIdentifier>
      <Extensions>h;hh;hpp;hxx;hm;inl;inc;ipp;xsd</Extensions>
    </Filter>
    <Filter Include="资源文件">
      <UniqueIdentifier>{67DA6AB6-F800-4c08-8B7A-83BB121AAD01}</UniqueIdentifier>
      <Extensions>rc;ico;cur;bmp;dlg;rc2;rct;bin;rgs;gif;jpg;jpeg;jpe;resx;tiff;tif;png;wav;mfcribbon-ms</Extensions>
    </Filter>
    <Filter Include="头文件\net">
      <UniqueIdentifier>{9d5d138f-859e-4ab7-960c-21b6ccea53cf}</UniqueIdentifier>
    </Filter>
    <Filter Include="源文件\net">
      <UniqueIdentifier>{6132bc31-a44e-4439-b231-4deac2308ad4}</UniqueIdentifier>
    </Filter>
  </ItemGroup>
  <ItemGroup>
    <ClCompile Include="main.cpp">
      <Filter>源文件</Filter>
    </ClCompile>
    <ClCompile Include="vr3dmesh.cpp">
      <Filter>源文件</Filter>
    </ClCompile>
    <ClCompile Include="vr3drenderer.cpp">
      <Filter>源文件</Filter>
    </ClCompile>
    <ClCompile Include="vr3dscene.cpp">
      <Filter>源文件</Filter>
    </ClCompile>
    <ClCompile Include="vr3dnode.cpp">
      <Filter>源文件</Filter>
    </ClCompile>
    <ClCompile Include="vr3dcompositor.cpp">
      <Filter>源文件</Filter>
    </ClCompile>
    <ClCompile Include="vr3dcamera_arcball.cpp">
      <Filter>源文件</Filter>
    </ClCompile>
    <ClCompile Include="vr3dcamera.cpp">
      <Filter>源文件</Filter>
    </ClCompile>
    <ClCompile Include="vr3devent.cpp">
      <Filter>源文件</Filter>
    </ClCompile>
    <ClCompile Include="vr3dcamera_hmd.cpp">
      <Filter>源文件</Filter>
    </ClCompile>
    <ClCompile Include="vr3dhmd.cpp">
      <Filter>源文件</Filter>
    </ClCompile>
    <ClCompile Include="vr3dmath.cpp">
      <Filter>源文件</Filter>
    </ClCompile>
    <ClCompile Include="vr3dpbo.cpp">
      <Filter>源文件</Filter>
    </ClCompile>
    <ClCompile Include="vr3dmedia.cpp">
      <Filter>源文件</Filter>
    </ClCompile>
    <ClCompile Include="vrencode.cpp">
      <Filter>源文件</Filter>
    </ClCompile>
    <ClCompile Include="net\vrTcpSocket.cpp">
      <Filter>源文件\net</Filter>
    </ClCompile>
    <ClCompile Include="net\vrLogger.cpp">
      <Filter>源文件\net</Filter>
    </ClCompile>
  </ItemGroup>
  <ItemGroup>
    <ClInclude Include="common.h">
      <Filter>头文件</Filter>
    </ClInclude>
    <ClInclude Include="glfwcallback.h">
      <Filter>头文件</Filter>
    </ClInclude>
    <ClInclude Include="vr3dmesh.h">
      <Filter>头文件</Filter>
    </ClInclude>
    <ClInclude Include="vr3dshader.h">
      <Filter>头文件</Filter>
    </ClInclude>
    <ClInclude Include="vr3drenderer.h">
      <Filter>头文件</Filter>
    </ClInclude>
    <ClInclude Include="vr3dnode.h">
      <Filter>头文件</Filter>
    </ClInclude>
    <ClInclude Include="vr3dscene.h">
      <Filter>头文件</Filter>
    </ClInclude>
    <ClInclude Include="vr3dcompositor.h">
      <Filter>头文件</Filter>
    </ClInclude>
    <ClInclude Include="vr3dcamera_arcball.h">
      <Filter>头文件</Filter>
    </ClInclude>
    <ClInclude Include="vr3dcamera.h">
      <Filter>头文件</Filter>
    </ClInclude>
    <ClInclude Include="vr3devent.h">
      <Filter>头文件</Filter>
    </ClInclude>
    <ClInclude Include="vr3dcamera_hmd.h">
      <Filter>头文件</Filter>
    </ClInclude>
    <ClInclude Include="vr3dhmd.h">
      <Filter>头文件</Filter>
    </ClInclude>
    <ClInclude Include="vr3dmath.h">
      <Filter>头文件</Filter>
    </ClInclude>
    <ClInclude Include="vr3dtexture.h">
      <Filter>头文件</Filter>
    </ClInclude>
    <ClInclude Include="vr3dpbo.h">
      <Filter>头文件</Filter>
    </ClInclude>
    <ClInclude Include="vr3dmedia.h">
      <Filter>头文件</Filter>
    </ClInclude>
    <ClInclude Include="vrencode.h">
      <Filter>头文件</Filter>
    </ClInclude>
    <ClInclude Include="net\vrSocket.h">
      <Filter>头文件\net</Filter>
    </ClInclude>
    <ClInclude Include="net\vrTcpSocket.h">
      <Filter>头文件\net</Filter>
    </ClInclude>
    <ClInclude Include="net\vrLogger.h">
      <Filter>头文件\net</Filter>
    </ClInclude>
  </ItemGroup>
</Project>